
Microsoft Visual Studio Solution File, Format Version 12.00
# Visual Studio Version 16
VisualStudioVersion = 16.0.31424.327
MinimumVisualStudioVersion = 10.0.40219.1
Project("{FAE04EC0-301F-11D3-BF4B-00C04F79EFBC}") = "OnlineShop", "OnlineShop\OnlineShop.csproj", "{43D0E652-A748-4489-BAA8-6532E2CBE3CB}"
EndProject
Project("{FAE04EC0-301F-11D3-BF4B-00C04F79EFBC}") = "Model", "Model\Model.csproj", "{F0FC4EC9-0495-496A-BE32-8E7DC85673D1}"
EndProject
Project("{FAE04EC0-301F-11D3-BF4B-00C04F79EFBC}") = "Common", "Common\Common.csproj", "{DFC01AEF-1566-432C-8DA9-EB2728F50FE0}"
EndProject
Project("{FAE04EC0-301F-11D3-BF4B-00C04F79EFBC}") = "StaticResources", "StaticResources\StaticResources.csproj", "{B9E7EB48-D648-4E45-9AD2-78E334AE0006}"
EndProject
Global
	GlobalSection(SolutionConfigurationPlatforms) = preSolution
		Debug|Any CPU = Debug|Any CPU
		Release|Any CPU = Release|Any CPU
	EndGlobalSection
	GlobalSection(ProjectConfigurationPlatforms) = postSolution
		{43D0E652-A748-4489-BAA8-6532E2CBE3CB}.Debug|Any CPU.ActiveCfg = Debug|Any CPU
		{43D0E652-A748-4489-BAA8-6532E2CBE3CB}.Debug|Any CPU.Build.0 = Debug|Any CPU
		{43D0E652-A748-4489-BAA8-6532E2CBE3CB}.Release|Any CPU.ActiveCfg = Release|Any CPU
		{43D0E652-A748-4489-BAA8-6532E2CBE3CB}.Release|Any CPU.Build.0 = Release|Any CPU
		{F0FC4EC9-0495-496A-BE32-8E7DC85673D1}.Debug|Any CPU.ActiveCfg = Debug|Any CPU
		{F0FC4EC9-0495-496A-BE32-8E7DC85673D1}.Debug|Any CPU.Build.0 = Debug|Any CPU
		{F0FC4EC9-0495-496A-BE32-8E7DC85673D1}.Release|Any CPU.ActiveCfg = Release|Any CPU
		{F0FC4EC9-0495-496A-BE32-8E7DC85673D1}.Release|Any CPU.Build.0 = Release|Any CPU
		{DFC01AEF-1566-432C-8DA9-EB2728F50FE0}.Debug|Any CPU.ActiveCfg = Debug|Any CPU
		{DFC01AEF-1566-432C-8DA9-EB2728F50FE0}.Debug|Any CPU.Build.0 = Debug|Any CPU
		{DFC01AEF-1566-432C-8DA9-EB2728F50FE0}.Release|Any CPU.ActiveCfg = Release|Any CPU
		{DFC01AEF-1566-432C-8DA9-EB2728F50FE0}.Release|Any CPU.Build.0 = Release|Any CPU
		{B9E7EB48-D648-4E45-9AD2-78E334AE0006}.Debug|Any CPU.ActiveCfg = Debug|Any CPU
		{B9E7EB48-D648-4E45-9AD2-78E334AE0006}.Debug|Any CPU.Build.0 = Debug|Any CPU
		{B9E7EB48-D648-4E45-9AD2-78E334AE0006}.Release|Any CPU.ActiveCfg = Release|Any CPU
		{B9E7EB48-D648-4E45-9AD2-78E334AE0006}.Release|Any CPU.Build.0 = Release|Any CPU
	EndGlobalSection
	GlobalSection(SolutionProperties) = preSolution
		HideSolutionNode = FALSE
	EndGlobalSection
	GlobalSection(ExtensibilityGlobals) = postSolution
		SolutionGuid = {3E80FE73-C034-458B-95DE-F64590103CF7}
	EndGlobalSection
EndGlobal
